// !$*UTF8*$!
{
	archiveVersion = 1;
	classes = {
	};
	objectVersion = 50;
	objects = {

/* Begin PBXBuildFile section */
		0782189923467C3A00C096FD /* AppDelegate.swift in Sources */ = {isa = PBXBuildFile; fileRef = 0782189823467C3A00C096FD /* AppDelegate.swift */; };
		0782189B23467C3A00C096FD /* SceneDelegate.swift in Sources */ = {isa = PBXBuildFile; fileRef = 0782189A23467C3A00C096FD /* SceneDelegate.swift */; };
		0782189D23467C3A00C096FD /* ViewController.swift in Sources */ = {isa = PBXBuildFile; fileRef = 0782189C23467C3A00C096FD /* ViewController.swift */; };
		078218A023467C3A00C096FD /* Main.storyboard in Resources */ = {isa = PBXBuildFile; fileRef = 0782189E23467C3A00C096FD /* Main.storyboard */; };
		078218A323467C3A00C096FD /* StudentCollegeProfileBuilder.xcdatamodeld in Sources */ = {isa = PBXBuildFile; fileRef = 078218A123467C3A00C096FD /* StudentCollegeProfileBuilder.xcdatamodeld */; };
		078218A523467C3C00C096FD /* Assets.xcassets in Resources */ = {isa = PBXBuildFile; fileRef = 078218A423467C3C00C096FD /* Assets.xcassets */; };
		078218A823467C3C00C096FD /* LaunchScreen.storyboard in Resources */ = {isa = PBXBuildFile; fileRef = 078218A623467C3C00C096FD /* LaunchScreen.storyboard */; };
		07947B872347C34B008133D1 /* CollegeViewController.swift in Sources */ = {isa = PBXBuildFile; fileRef = 07947B862347C34B008133D1 /* CollegeViewController.swift */; };
/* End PBXBuildFile section */

/* Begin PBXFileReference section */
		0782189523467C3A00C096FD /* StudentCollegeProfileBuilder.app */ = {isa = PBXFileReference; explicitFileType = wrapper.application; includeInIndex = 0; path = StudentCollegeProfileBuilder.app; sourceTree = BUILT_PRODUCTS_DIR; };
		0782189823467C3A00C096FD /* AppDelegate.swift */ = {isa = PBXFileReference; lastKnownFileType = sourcecode.swift; path = AppDelegate.swift; sourceTree = "<group>"; };
		0782189A23467C3A00C096FD /* SceneDelegate.swift */ = {isa = PBXFileReference; lastKnownFileType = sourcecode.swift; path = SceneDelegate.swift; sourceTree = "<group>"; };
		0782189C23467C3A00C096FD /* ViewController.swift */ = {isa = PBXFileReference; lastKnownFileType = sourcecode.swift; path = ViewController.swift; sourceTree = "<group>"; };
		0782189F23467C3A00C096FD /* Base */ = {isa = PBXFileReference; lastKnownFileType = file.storyboard; name = Base; path = Base.lproj/Main.storyboard; sourceTree = "<group>"; };
		078218A223467C3A00C096FD /* StudentCollegeProfileBuilder.xcdatamodel */ = {isa = PBXFileReference; lastKnownFileType = wrapper.xcdatamodel; path = StudentCollegeProfileBuilder.xcdatamodel; sourceTree = "<group>"; };
		078218A423467C3C00C096FD /* Assets.xcassets */ = {isa = PBXFileReference; lastKnownFileType = folder.assetcatalog; path = Assets.xcassets; sourceTree = "<group>"; };
		078218A723467C3C00C096FD /* Base */ = {isa = PBXFileReference; lastKnownFileType = file.storyboard; name = Base; path = Base.lproj/LaunchScreen.storyboard; sourceTree = "<group>"; };
		078218A923467C3C00C096FD /* Info.plist */ = {isa = PBXFileReference; lastKnownFileType = text.plist.xml; path = Info.plist; sourceTree = "<group>"; };
		07947B862347C34B008133D1 /* CollegeViewController.swift */ = {isa = PBXFileReference; lastKnownFileType = sourcecode.swift; path = CollegeViewController.swift; sourceTree = "<group>"; };
/* End PBXFileReference section */

/* Begin PBXFrameworksBuildPhase section */
		0782189223467C3A00C096FD /* Frameworks */ = {
			isa = PBXFrameworksBuildPhase;
			buildActionMask = 2147483647;
			files = (
			);
			runOnlyForDeploymentPostprocessing = 0;
		};
/* End PBXFrameworksBuildPhase section */

/* Begin PBXGroup section */
		0782188C23467C3A00C096FD = {
			isa = PBXGroup;
			children = (
				0782189723467C3A00C096FD /* StudentCollegeProfileBuilder */,
				0782189623467C3A00C096FD /* Products */,
			);
			sourceTree = "<group>";
		};
		0782189623467C3A00C096FD /* Products */ = {
			isa = PBXGroup;
			children = (
				0782189523467C3A00C096FD /* StudentCollegeProfileBuilder.app */,
			);
			name = Products;
			sourceTree = "<group>";
		};
		0782189723467C3A00C096FD /* StudentCollegeProfileBuilder */ = {
			isa = PBXGroup;
			children = (
				0782189823467C3A00C096FD /* AppDelegate.swift */,
				0782189A23467C3A00C096FD /* SceneDelegate.swift */,
				0782189C23467C3A00C096FD /* ViewController.swift */,
				0782189E23467C3A00C096FD /* Main.storyboard */,
				07947B862347C34B008133D1 /* CollegeViewController.swift */,
				078218A423467C3C00C096FD /* Assets.xcassets */,
				078218A623467C3C00C096FD /* LaunchScreen.storyboard */,
				078218A923467C3C00C096FD /* Info.plist */,
				078218A123467C3A00C096FD /* StudentCollegeProfileBuilder.xcdatamodeld */,
			);
			path = StudentCollegeProfileBuilder;
			sourceTree = "<group>";
		};
/* End PBXGroup section */

/* Begin PBXNativeTarget section */
		0782189423467C3A00C096FD /* StudentCollegeProfileBuilder */ = {
			isa = PBXNativeTarget;
			buildConfigurationList = 078218AC23467C3C00C096FD /* Build configuration list for PBXNativeTarget "StudentCollegeProfileBuilder" */;
			buildPhases = (
				0782189123467C3A00C096FD /* Sources */,
				0782189223467C3A00C096FD /* Frameworks */,
				0782189323467C3A00C096FD /* Resources */,
			);
			buildRules = (
			);
			dependencies = (
			);
			name = StudentCollegeProfileBuilder;
			productName = StudentCollegeProfileBuilder;
			productReference = 0782189523467C3A00C096FD /* StudentCollegeProfileBuilder.app */;
			productType = "com.apple.product-type.application";
		};
/* End PBXNativeTarget section */

/* Begin PBXProject section */
		0782188D23467C3A00C096FD /* Project object */ = {
			isa = PBXProject;
			attributes = {
				LastSwiftUpdateCheck = 1100;
				LastUpgradeCheck = 1100;
				ORGANIZATIONNAME = "John Hersey High School";
				TargetAttributes = {
					0782189423467C3A00C096FD = {
						CreatedOnToolsVersion = 11.0;
					};
				};
			};
			buildConfigurationList = 0782189023467C3A00C096FD /* Build configuration list for PBXProject "StudentCollegeProfileBuilder" */;
			compatibilityVersion = "Xcode 9.3";
			developmentRegion = en;
			hasScannedForEncodings = 0;
			knownRegions = (
				en,
				Base,
			);
			mainGroup = 0782188C23467C3A00C096FD;
			productRefGroup = 0782189623467C3A00C096FD /* Products */;
			projectDirPath = "";
			projectRoot = "";
			targets = (
				0782189423467C3A00C096FD /* StudentCollegeProfileBuilder */,
			);
		};
/* End PBXProject section */

/* Begin PBXResourcesBuildPhase section */
		0782189323467C3A00C096FD /* Resources */ = {
			isa = PBXResourcesBuildPhase;
			buildActionMask = 2147483647;
			files = (
				078218A823467C3C00C096FD /* LaunchScreen.storyboard in Resources */,
				078218A523467C3C00C096FD /* Assets.xcassets in Resources */,
				078218A023467C3A00C096FD /* Main.storyboard in Resources */,
			);
			runOnlyForDeploymentPostprocessing = 0;
		};
/* End PBXResourcesBuildPhase section */

/* Begin PBXSourcesBuildPhase section */
		0782189123467C3A00C096FD /* Sources */ = {
			isa = PBXSourcesBuildPhase;
			buildActionMask = 2147483647;
			files = (
				0782189D23467C3A00C096FD /* ViewController.swift in Sources */,
				0782189923467C3A00C096FD /* AppDelegate.swift in Sources */,
				0782189B23467C3A00C096FD /* SceneDelegate.swift in Sources */,
				07947B872347C34B008133D1 /* CollegeViewController.swift in Sources */,
				078218A323467C3A00C096FD /* StudentCollegeProfileBuilder.xcdatamodeld in Sources */,
			);
			runOnlyForDeploymentPostprocessing = 0;
		};
/* End PBXSourcesBuildPhase section */

/* Begin PBXVariantGroup section */
		0782189E23467C3A00C096FD /* Main.storyboard */ = {
			isa = PBXVariantGroup;
			children = (
				0782189F23467C3A00C096FD /* Base */,
			);
			name = Main.storyboard;
			sourceTree = "<group>";
		};
		078218A623467C3C00C096FD /* LaunchScreen.storyboard */ = {
			isa = PBXVariantGroup;
			children = (
				078218A723467C3C00C096FD /* Base */,
			);
			name = LaunchScreen.storyboard;
			sourceTree = "<group>";
		};
/* End PBXVariantGroup section */

/* Begin XCBuildConfiguration section */
		078218AA23467C3C00C096FD /* Debug */ = {
			isa = XCBuildConfiguration;
			buildSettings = {
				ALWAYS_SEARCH_USER_PATHS = NO;
				CLANG_ANALYZER_NONNULL = YES;
				CLANG_ANALYZER_NUMBER_OBJECT_CONVERSION = YES_AGGRESSIVE;
				CLANG_CXX_LANGUAGE_STANDARD = "gnu++14";
				CLANG_CXX_LIBRARY = "libc++";
				CLANG_ENABLE_MODULES = YES;
				CLANG_ENABLE_OBJC_ARC = YES;
				CLANG_ENABLE_OBJC_WEAK = YES;
				CLANG_WARN_BLOCK_CAPTURE_AUTORELEASING = YES;
				CLANG_WARN_BOOL_CONVERSION = YES;
				CLANG_WARN_COMMA = YES;
				CLANG_WARN_CONSTANT_CONVERSION = YES;
				CLANG_WARN_DEPRECATED_OBJC_IMPLEMENTATIONS = YES;
				CLANG_WARN_DIRECT_OBJC_ISA_USAGE = YES_ERROR;
				CLANG_WARN_DOCUMENTATION_COMMENTS = YES;
				CLANG_WARN_EMPTY_BODY = YES;
				CLANG_WARN_ENUM_CONVERSION = YES;
				CLANG_WARN_INFINITE_RECURSION = YES;
				CLANG_WARN_INT_CONVERSION = YES;
				CLANG_WARN_NON_LITERAL_NULL_CONVERSION = YES;
				CLANG_WARN_OBJC_IMPLICIT_RETAIN_SELF = YES;
				CLANG_WARN_OBJC_LITERAL_CONVERSION = YES;
				CLANG_WARN_OBJC_ROOT_CLASS = YES_ERROR;
				CLANG_WARN_RANGE_LOOP_ANALYSIS = YES;
				CLANG_WARN_STRICT_PROTOTYPES = YES;
				CLANG_WARN_SUSPICIOUS_MOVE = YES;
				CLANG_WARN_UNGUARDED_AVAILABILITY = YES_AGGRESSIVE;
				CLANG_WARN_UNREACHABLE_CODE = YES;
				CLANG_WARN__DUPLICATE_METHOD_MATCH = YES;
				COPY_PHASE_STRIP = NO;
				DEBUG_INFORMATION_FORMAT = dwarf;
				ENABLE_STRICT_OBJC_MSGSEND = YES;
				ENABLE_TESTABILITY = YES;
				GCC_C_LANGUAGE_STANDARD = gnu11;
				GCC_DYNAMIC_NO_PIC = NO;
				GCC_NO_COMMON_BLOCKS = YES;
				GCC_OPTIMIZATION_LEVEL = 0;
				GCC_PREPROCESSOR_DEFINITIONS = (
					"DEBUG=1",
					"$(inherited)",
				);
				GCC_WARN_64_TO_32_BIT_CONVERSION = YES;
				GCC_WARN_ABOUT_RETURN_TYPE = YES_ERROR;
				GCC_WARN_UNDECLARED_SELECTOR = YES;
				GCC_WARN_UNINITIALIZED_AUTOS = YES_AGGRESSIVE;
				GCC_WARN_UNUSED_FUNCTION = YES;
				GCC_WARN_UNUSED_VARIABLE = YES;
				IPHONEOS_DEPLOYMENT_TARGET = 13.0;
				MTL_ENABLE_DEBUG_INFO = INCLUDE_SOURCE;
				MTL_FAST_MATH = YES;
				ONLY_ACTIVE_ARCH = YES;
				SDKROOT = iphoneos;
				SWIFT_ACTIVE_COMPILATION_CONDITIONS = DEBUG;
				SWIFT_OPTIMIZATION_LEVEL = "-Onone";
			};
			name = Debug;
		};
		078218AB23467C3C00C096FD /* Release */ = {
			isa = XCBuildConfiguration;
			buildSettings = {
				ALWAYS_SEARCH_USER_PATHS = NO;
				CLANG_ANALYZER_NONNULL = YES;
				CLANG_ANALYZER_NUMBER_OBJECT_CONVERSION = YES_AGGRESSIVE;
				CLANG_CXX_LANGUAGE_STANDARD = "gnu++14";
				CLANG_CXX_LIBRARY = "libc++";
				CLANG_ENABLE_MODULES = YES;
				CLANG_ENABLE_OBJC_ARC = YES;
				CLANG_ENABLE_OBJC_WEAK = YES;
				CLANG_WARN_BLOCK_CAPTURE_AUTORELEASING = YES;
				CLANG_WARN_BOOL_CONVERSION = YES;
				CLANG_WARN_COMMA = YES;
				CLANG_WARN_CONSTANT_CONVERSION = YES;
				CLANG_WARN_DEPRECATED_OBJC_IMPLEMENTATIONS = YES;
				CLANG_WARN_DIRECT_OBJC_ISA_USAGE = YES_ERROR;
				CLANG_WARN_DOCUMENTATION_COMMENTS = YES;
				CLANG_WARN_EMPTY_BODY = YES;
				CLANG_WARN_ENUM_CONVERSION = YES;
				CLANG_WARN_INFINITE_RECURSION = YES;
				CLANG_WARN_INT_CONVERSION = YES;
				CLANG_WARN_NON_LITERAL_NULL_CONVERSION = YES;
				CLANG_WARN_OBJC_IMPLICIT_RETAIN_SELF = YES;
				CLANG_WARN_OBJC_LITERAL_CONVERSION = YES;
				CLANG_WARN_OBJC_ROOT_CLASS = YES_ERROR;
				CLANG_WARN_RANGE_LOOP_ANALYSIS = YES;
				CLANG_WARN_STRICT_PROTOTYPES = YES;
				CLANG_WARN_SUSPICIOUS_MOVE = YES;
				CLANG_WARN_UNGUARDED_AVAILABILITY = YES_AGGRESSIVE;
				CLANG_WARN_UNREACHABLE_CODE = YES;
				CLANG_WARN__DUPLICATE_METHOD_MATCH = YES;
				COPY_PHASE_STRIP = NO;
				DEBUG_INFORMATION_FORMAT = "dwarf-with-dsym";
				ENABLE_NS_ASSERTIONS = NO;
				ENABLE_STRICT_OBJC_MSGSEND = YES;
				GCC_C_LANGUAGE_STANDARD = gnu11;
				GCC_NO_COMMON_BLOCKS = YES;
				GCC_WARN_64_TO_32_BIT_CONVERSION = YES;
				GCC_WARN_ABOUT_RETURN_TYPE = YES_ERROR;
				GCC_WARN_UNDECLARED_SELECTOR = YES;
				GCC_WARN_UNINITIALIZED_AUTOS = YES_AGGRESSIVE;
				GCC_WARN_UNUSED_FUNCTION = YES;
				GCC_WARN_UNUSED_VARIABLE = YES;
				IPHONEOS_DEPLOYMENT_TARGET = 13.0;
				MTL_ENABLE_DEBUG_INFO = NO;
				MTL_FAST_MATH = YES;
				SDKROOT = iphoneos;
				SWIFT_COMPILATION_MODE = wholemodule;
				SWIFT_OPTIMIZATION_LEVEL = "-O";
				VALIDATE_PRODUCT = YES;
			};
			name = Release;
		};
		078218AD23467C3C00C096FD /* Debug */ = {
			isa = XCBuildConfiguration;
			buildSettings = {
				ASSETCATALOG_COMPILER_APPICON_NAME = AppIcon;
				CODE_SIGN_STYLE = Automatic;
				DEVELOPMENT_TEAM = U6BF7MZGAA;
				INFOPLIST_FILE = StudentCollegeProfileBuilder/Info.plist;
				LD_RUNPATH_SEARCH_PATHS = (
					"$(inherited)",
					"@executable_path/Frameworks",
				);
				PRODUCT_BUNDLE_IDENTIFIER = org.d214.jhhs.621068.StudentCollegeProfileBuilder;
				PRODUCT_NAME = "$(TARGET_NAME)";
				SWIFT_VERSION = 5.0;
				TARGETED_DEVICE_FAMILY = "1,2";
			};
			name = Debug;
		};
		078218AE23467C3C00C096FD /* Release */ = {
			isa = XCBuildConfiguration;
			buildSettings = {
				ASSETCATALOG_COMPILER_APPICON_NAME = AppIcon;
				CODE_SIGN_STYLE = Automatic;
				DEVELOPMENT_TEAM = U6BF7MZGAA;
				INFOPLIST_FILE = StudentCollegeProfileBuilder/Info.plist;
				LD_RUNPATH_SEARCH_PATHS = (
					"$(inherited)",
					"@executable_path/Frameworks",
				);
				PRODUCT_BUNDLE_IDENTIFIER = org.d214.jhhs.621068.StudentCollegeProfileBuilder;
				PRODUCT_NAME = "$(TARGET_NAME)";
				SWIFT_VERSION = 5.0;
				TARGETED_DEVICE_FAMILY = "1,2";
			};
			name = Release;
		};
/* End XCBuildConfiguration section */

/* Begin XCConfigurationList section */
		0782189023467C3A00C096FD /* Build configuration list for PBXProject "StudentCollegeProfileBuilder" */ = {
			isa = XCConfigurationList;
			buildConfigurations = (
				078218AA23467C3C00C096FD /* Debug */,
				078218AB23467C3C00C096FD /* Release */,
			);
			defaultConfigurationIsVisible = 0;
			defaultConfigurationName = Release;
		};
		078218AC23467C3C00C096FD /* Build configuration list for PBXNativeTarget "StudentCollegeProfileBuilder" */ = {
			isa = XCConfigurationList;
			buildConfigurations = (
				078218AD23467C3C00C096FD /* Debug */,
				078218AE23467C3C00C096FD /* Release */,
			);
			defaultConfigurationIsVisible = 0;
			defaultConfigurationName = Release;
		};
/* End XCConfigurationList section */

/* Begin XCVersionGroup section */
		078218A123467C3A00C096FD /* StudentCollegeProfileBuilder.xcdatamodeld */ = {
			isa = XCVersionGroup;
			children = (
				078218A223467C3A00C096FD /* StudentCollegeProfileBuilder.xcdatamodel */,
			);
			currentVersion = 078218A223467C3A00C096FD /* StudentCollegeProfileBuilder.xcdatamodel */;
			path = StudentCollegeProfileBuilder.xcdatamodeld;
			sourceTree = "<group>";
			versionGroupType = wrapper.xcdatamodel;
		};
/* End XCVersionGroup section */
	};
	rootObject = 0782188D23467C3A00C096FD /* Project object */;
}
